// !$*UTF8*$!
{
	archiveVersion = 1;
	classes = {
	};
	objectVersion = 46;
	objects = {

/* Begin PBXBuildFile section */
		442ED92D1C46EA3000501266 /* AppDelegate.swift in Sources */ = {isa = PBXBuildFile; fileRef = 442ED92C1C46EA3000501266 /* AppDelegate.swift */; };
		442ED92F1C46EA3000501266 /* ViewController.swift in Sources */ = {isa = PBXBuildFile; fileRef = 442ED92E1C46EA3000501266 /* ViewController.swift */; };
		442ED9321C46EA3000501266 /* Main.storyboard in Resources */ = {isa = PBXBuildFile; fileRef = 442ED9301C46EA3000501266 /* Main.storyboard */; };
		442ED9341C46EA3000501266 /* Assets.xcassets in Resources */ = {isa = PBXBuildFile; fileRef = 442ED9331C46EA3000501266 /* Assets.xcassets */; };
		442ED9371C46EA3000501266 /* LaunchScreen.storyboard in Resources */ = {isa = PBXBuildFile; fileRef = 442ED9351C46EA3000501266 /* LaunchScreen.storyboard */; };
		442ED9421C46EA3000501266 /* Meal_ReminderTests.swift in Sources */ = {isa = PBXBuildFile; fileRef = 442ED9411C46EA3000501266 /* Meal_ReminderTests.swift */; };
		442ED94D1C46EA3000501266 /* Meal_ReminderUITests.swift in Sources */ = {isa = PBXBuildFile; fileRef = 442ED94C1C46EA3000501266 /* Meal_ReminderUITests.swift */; };
		442ED95B1C47DCD600501266 /* iAd.framework in Frameworks */ = {isa = PBXBuildFile; fileRef = 442ED95A1C47DCD600501266 /* iAd.framework */; };
		442ED95D1C4802C600501266 /* AdSupport.framework in Frameworks */ = {isa = PBXBuildFile; fileRef = 442ED95C1C4802C600501266 /* AdSupport.framework */; };
		442ED9611C480A7E00501266 /* PopoverViewController.swift in Sources */ = {isa = PBXBuildFile; fileRef = 442ED9601C480A7E00501266 /* PopoverViewController.swift */; };
/* End PBXBuildFile section */

/* Begin PBXContainerItemProxy section */
		442ED93E1C46EA3000501266 /* PBXContainerItemProxy */ = {
			isa = PBXContainerItemProxy;
			containerPortal = 442ED9211C46EA3000501266 /* Project object */;
			proxyType = 1;
			remoteGlobalIDString = 442ED9281C46EA3000501266;
			remoteInfo = "Meal Reminder";
		};
		442ED9491C46EA3000501266 /* PBXContainerItemProxy */ = {
			isa = PBXContainerItemProxy;
			containerPortal = 442ED9211C46EA3000501266 /* Project object */;
			proxyType = 1;
			remoteGlobalIDString = 442ED9281C46EA3000501266;
			remoteInfo = "Meal Reminder";
		};
/* End PBXContainerItemProxy section */

/* Begin PBXFileReference section */
		442ED9291C46EA3000501266 /* Meal Reminder.app */ = {isa = PBXFileReference; explicitFileType = wrapper.application; includeInIndex = 0; path = "Meal Reminder.app"; sourceTree = BUILT_PRODUCTS_DIR; };
		442ED92C1C46EA3000501266 /* AppDelegate.swift */ = {isa = PBXFileReference; lastKnownFileType = sourcecode.swift; path = AppDelegate.swift; sourceTree = "<group>"; };
		442ED92E1C46EA3000501266 /* ViewController.swift */ = {isa = PBXFileReference; lastKnownFileType = sourcecode.swift; path = ViewController.swift; sourceTree = "<group>"; };
		442ED9311C46EA3000501266 /* Base */ = {isa = PBXFileReference; lastKnownFileType = file.storyboard; name = Base; path = Base.lproj/Main.storyboard; sourceTree = "<group>"; };
		442ED9331C46EA3000501266 /* Assets.xcassets */ = {isa = PBXFileReference; lastKnownFileType = folder.assetcatalog; path = Assets.xcassets; sourceTree = "<group>"; };
		442ED9361C46EA3000501266 /* Base */ = {isa = PBXFileReference; lastKnownFileType = file.storyboard; name = Base; path = Base.lproj/LaunchScreen.storyboard; sourceTree = "<group>"; };
		442ED9381C46EA3000501266 /* Info.plist */ = {isa = PBXFileReference; lastKnownFileType = text.plist.xml; path = Info.plist; sourceTree = "<group>"; };
		442ED93D1C46EA3000501266 /* Meal ReminderTests.xctest */ = {isa = PBXFileReference; explicitFileType = wrapper.cfbundle; includeInIndex = 0; path = "Meal ReminderTests.xctest"; sourceTree = BUILT_PRODUCTS_DIR; };
		442ED9411C46EA3000501266 /* Meal_ReminderTests.swift */ = {isa = PBXFileReference; lastKnownFileType = sourcecode.swift; path = Meal_ReminderTests.swift; sourceTree = "<group>"; };
		442ED9431C46EA3000501266 /* Info.plist */ = {isa = PBXFileReference; lastKnownFileType = text.plist.xml; path = Info.plist; sourceTree = "<group>"; };
		442ED9481C46EA3000501266 /* Meal ReminderUITests.xctest */ = {isa = PBXFileReference; explicitFileType = wrapper.cfbundle; includeInIndex = 0; path = "Meal ReminderUITests.xctest"; sourceTree = BUILT_PRODUCTS_DIR; };
		442ED94C1C46EA3000501266 /* Meal_ReminderUITests.swift */ = {isa = PBXFileReference; lastKnownFileType = sourcecode.swift; path = Meal_ReminderUITests.swift; sourceTree = "<group>"; };
		442ED94E1C46EA3000501266 /* Info.plist */ = {isa = PBXFileReference; lastKnownFileType = text.plist.xml; path = Info.plist; sourceTree = "<group>"; };
		442ED95A1C47DCD600501266 /* iAd.framework */ = {isa = PBXFileReference; lastKnownFileType = wrapper.framework; name = iAd.framework; path = System/Library/Frameworks/iAd.framework; sourceTree = SDKROOT; };
		442ED95C1C4802C600501266 /* AdSupport.framework */ = {isa = PBXFileReference; lastKnownFileType = wrapper.framework; name = AdSupport.framework; path = System/Library/Frameworks/AdSupport.framework; sourceTree = SDKROOT; };
		442ED9601C480A7E00501266 /* PopoverViewController.swift */ = {isa = PBXFileReference; fileEncoding = 4; lastKnownFileType = sourcecode.swift; name = PopoverViewController.swift; path = ../PopoverViewController.swift; sourceTree = "<group>"; };
/* End PBXFileReference section */

/* Begin PBXFrameworksBuildPhase section */
		442ED9261C46EA3000501266 /* Frameworks */ = {
			isa = PBXFrameworksBuildPhase;
			buildActionMask = 2147483647;
			files = (
				442ED95D1C4802C600501266 /* AdSupport.framework in Frameworks */,
				442ED95B1C47DCD600501266 /* iAd.framework in Frameworks */,
			);
			runOnlyForDeploymentPostprocessing = 0;
		};
		442ED93A1C46EA3000501266 /* Frameworks */ = {
			isa = PBXFrameworksBuildPhase;
			buildActionMask = 2147483647;
			files = (
			);
			runOnlyForDeploymentPostprocessing = 0;
		};
		442ED9451C46EA3000501266 /* Frameworks */ = {
			isa = PBXFrameworksBuildPhase;
			buildActionMask = 2147483647;
			files = (
			);
			runOnlyForDeploymentPostprocessing = 0;
		};
/* End PBXFrameworksBuildPhase section */

/* Begin PBXGroup section */
		442ED9201C46EA3000501266 = {
			isa = PBXGroup;
			children = (
				442ED95C1C4802C600501266 /* AdSupport.framework */,
				442ED95A1C47DCD600501266 /* iAd.framework */,
				442ED92B1C46EA3000501266 /* Meal Reminder */,
				442ED9401C46EA3000501266 /* Meal ReminderTests */,
				442ED94B1C46EA3000501266 /* Meal ReminderUITests */,
				442ED92A1C46EA3000501266 /* Products */,
			);
			sourceTree = "<group>";
		};
		442ED92A1C46EA3000501266 /* Products */ = {
			isa = PBXGroup;
			children = (
				442ED9291C46EA3000501266 /* Meal Reminder.app */,
				442ED93D1C46EA3000501266 /* Meal ReminderTests.xctest */,
				442ED9481C46EA3000501266 /* Meal ReminderUITests.xctest */,
			);
			name = Products;
			sourceTree = "<group>";
		};
		442ED92B1C46EA3000501266 /* Meal Reminder */ = {
			isa = PBXGroup;
			children = (
				442ED92C1C46EA3000501266 /* AppDelegate.swift */,
				442ED92E1C46EA3000501266 /* ViewController.swift */,
				442ED9601C480A7E00501266 /* PopoverViewController.swift */,
				442ED9301C46EA3000501266 /* Main.storyboard */,
				442ED9331C46EA3000501266 /* Assets.xcassets */,
				442ED9351C46EA3000501266 /* LaunchScreen.storyboard */,
				442ED9381C46EA3000501266 /* Info.plist */,
			);
			path = "Meal Reminder";
			sourceTree = "<group>";
		};
		442ED9401C46EA3000501266 /* Meal ReminderTests */ = {
			isa = PBXGroup;
			children = (
				442ED9411C46EA3000501266 /* Meal_ReminderTests.swift */,
				442ED9431C46EA3000501266 /* Info.plist */,
			);
			path = "Meal ReminderTests";
			sourceTree = "<group>";
		};
		442ED94B1C46EA3000501266 /* Meal ReminderUITests */ = {
			isa = PBXGroup;
			children = (
				442ED94C1C46EA3000501266 /* Meal_ReminderUITests.swift */,
				442ED94E1C46EA3000501266 /* Info.plist */,
			);
			path = "Meal ReminderUITests";
			sourceTree = "<group>";
		};
/* End PBXGroup section */

/* Begin PBXNativeTarget section */
		442ED9281C46EA3000501266 /* Meal Reminder */ = {
			isa = PBXNativeTarget;
			buildConfigurationList = 442ED9511C46EA3000501266 /* Build configuration list for PBXNativeTarget "Meal Reminder" */;
			buildPhases = (
				442ED9251C46EA3000501266 /* Sources */,
				442ED9261C46EA3000501266 /* Frameworks */,
				442ED9271C46EA3000501266 /* Resources */,
			);
			buildRules = (
			);
			dependencies = (
			);
			name = "Meal Reminder";
			productName = "Meal Reminder";
			productReference = 442ED9291C46EA3000501266 /* Meal Reminder.app */;
			productType = "com.apple.product-type.application";
		};
		442ED93C1C46EA3000501266 /* Meal ReminderTests */ = {
			isa = PBXNativeTarget;
			buildConfigurationList = 442ED9541C46EA3000501266 /* Build configuration list for PBXNativeTarget "Meal ReminderTests" */;
			buildPhases = (
				442ED9391C46EA3000501266 /* Sources */,
				442ED93A1C46EA3000501266 /* Frameworks */,
				442ED93B1C46EA3000501266 /* Resources */,
			);
			buildRules = (
			);
			dependencies = (
				442ED93F1C46EA3000501266 /* PBXTargetDependency */,
			);
			name = "Meal ReminderTests";
			productName = "Meal ReminderTests";
			productReference = 442ED93D1C46EA3000501266 /* Meal ReminderTests.xctest */;
			productType = "com.apple.product-type.bundle.unit-test";
		};
		442ED9471C46EA3000501266 /* Meal ReminderUITests */ = {
			isa = PBXNativeTarget;
			buildConfigurationList = 442ED9571C46EA3000501266 /* Build configuration list for PBXNativeTarget "Meal ReminderUITests" */;
			buildPhases = (
				442ED9441C46EA3000501266 /* Sources */,
				442ED9451C46EA3000501266 /* Frameworks */,
				442ED9461C46EA3000501266 /* Resources */,
			);
			buildRules = (
			);
			dependencies = (
				442ED94A1C46EA3000501266 /* PBXTargetDependency */,
			);
			name = "Meal ReminderUITests";
			productName = "Meal ReminderUITests";
			productReference = 442ED9481C46EA3000501266 /* Meal ReminderUITests.xctest */;
			productType = "com.apple.product-type.bundle.ui-testing";
		};
/* End PBXNativeTarget section */

/* Begin PBXProject section */
		442ED9211C46EA3000501266 /* Project object */ = {
			isa = PBXProject;
			attributes = {
				LastSwiftUpdateCheck = 0720;
				LastUpgradeCheck = 0720;
				ORGANIZATIONNAME = ploots;
				TargetAttributes = {
					442ED9281C46EA3000501266 = {
						CreatedOnToolsVersion = 7.2;
						DevelopmentTeam = H89H36T46S;
						SystemCapabilities = {
							com.apple.BackgroundModes = {
								enabled = 1;
							};
						};
					};
					442ED93C1C46EA3000501266 = {
						CreatedOnToolsVersion = 7.2;
						TestTargetID = 442ED9281C46EA3000501266;
					};
					442ED9471C46EA3000501266 = {
						CreatedOnToolsVersion = 7.2;
						TestTargetID = 442ED9281C46EA3000501266;
					};
				};
			};
			buildConfigurationList = 442ED9241C46EA3000501266 /* Build configuration list for PBXProject "Meal Reminder" */;
			compatibilityVersion = "Xcode 3.2";
			developmentRegion = English;
			hasScannedForEncodings = 0;
			knownRegions = (
				en,
				Base,
			);
			mainGroup = 442ED9201C46EA3000501266;
			productRefGroup = 442ED92A1C46EA3000501266 /* Products */;
			projectDirPath = "";
			projectRoot = "";
			targets = (
				442ED9281C46EA3000501266 /* Meal Reminder */,
				442ED93C1C46EA3000501266 /* Meal ReminderTests */,
				442ED9471C46EA3000501266 /* Meal ReminderUITests */,
			);
		};
/* End PBXProject section */

/* Begin PBXResourcesBuildPhase section */
		442ED9271C46EA3000501266 /* Resources */ = {
			isa = PBXResourcesBuildPhase;
			buildActionMask = 2147483647;
			files = (
				442ED9371C46EA3000501266 /* LaunchScreen.storyboard in Resources */,
				442ED9341C46EA3000501266 /* Assets.xcassets in Resources */,
				442ED9321C46EA3000501266 /* Main.storyboard in Resources */,
			);
			runOnlyForDeploymentPostprocessing = 0;
		};
		442ED93B1C46EA3000501266 /* Resources */ = {
			isa = PBXResourcesBuildPhase;
			buildActionMask = 2147483647;
			files = (
			);
			runOnlyForDeploymentPostprocessing = 0;
		};
		442ED9461C46EA3000501266 /* Resources */ = {
			isa = PBXResourcesBuildPhase;
			buildActionMask = 2147483647;
			files = (
			);
			runOnlyForDeploymentPostprocessing = 0;
		};
/* End PBXResourcesBuildPhase section */

/* Begin PBXSourcesBuildPhase section */
		442ED9251C46EA3000501266 /* Sources */ = {
			isa = PBXSourcesBuildPhase;
			buildActionMask = 2147483647;
			files = (
				442ED92F1C46EA3000501266 /* ViewController.swift in Sources */,
				442ED9611C480A7E00501266 /* PopoverViewController.swift in Sources */,
				442ED92D1C46EA3000501266 /* AppDelegate.swift in Sources */,
			);
			runOnlyForDeploymentPostprocessing = 0;
		};
		442ED9391C46EA3000501266 /* Sources */ = {
			isa = PBXSourcesBuildPhase;
			buildActionMask = 2147483647;
			files = (
				442ED9421C46EA3000501266 /* Meal_ReminderTests.swift in Sources */,
			);
			runOnlyForDeploymentPostprocessing = 0;
		};
		442ED9441C46EA3000501266 /* Sources */ = {
			isa = PBXSourcesBuildPhase;
			buildActionMask = 2147483647;
			files = (
				442ED94D1C46EA3000501266 /* Meal_ReminderUITests.swift in Sources */,
			);
			runOnlyForDeploymentPostprocessing = 0;
		};
/* End PBXSourcesBuildPhase section */

/* Begin PBXTargetDependency section */
		442ED93F1C46EA3000501266 /* PBXTargetDependency */ = {
			isa = PBXTargetDependency;
			target = 442ED9281C46EA3000501266 /* Meal Reminder */;
			targetProxy = 442ED93E1C46EA3000501266 /* PBXContainerItemProxy */;
		};
		442ED94A1C46EA3000501266 /* PBXTargetDependency */ = {
			isa = PBXTargetDependency;
			target = 442ED9281C46EA3000501266 /* Meal Reminder */;
			targetProxy = 442ED9491C46EA3000501266 /* PBXContainerItemProxy */;
		};
/* End PBXTargetDependency section */

/* Begin PBXVariantGroup section */
		442ED9301C46EA3000501266 /* Main.storyboard */ = {
			isa = PBXVariantGroup;
			children = (
				442ED9311C46EA3000501266 /* Base */,
			);
			name = Main.storyboard;
			sourceTree = "<group>";
		};
		442ED9351C46EA3000501266 /* LaunchScreen.storyboard */ = {
			isa = PBXVariantGroup;
			children = (
				442ED9361C46EA3000501266 /* Base */,
			);
			name = LaunchScreen.storyboard;
			sourceTree = "<group>";
		};
/* End PBXVariantGroup section */

/* Begin XCBuildConfiguration section */
		442ED94F1C46EA3000501266 /* Debug */ = {
			isa = XCBuildConfiguration;
			buildSettings = {
				ALWAYS_SEARCH_USER_PATHS = NO;
				CLANG_CXX_LANGUAGE_STANDARD = "gnu++0x";
				CLANG_CXX_LIBRARY = "libc++";
				CLANG_ENABLE_MODULES = YES;
				CLANG_ENABLE_OBJC_ARC = YES;
				CLANG_WARN_BOOL_CONVERSION = YES;
				CLANG_WARN_CONSTANT_CONVERSION = YES;
				CLANG_WARN_DIRECT_OBJC_ISA_USAGE = YES_ERROR;
				CLANG_WARN_EMPTY_BODY = YES;
				CLANG_WARN_ENUM_CONVERSION = YES;
				CLANG_WARN_INT_CONVERSION = YES;
				CLANG_WARN_OBJC_ROOT_CLASS = YES_ERROR;
				CLANG_WARN_UNREACHABLE_CODE = YES;
				CLANG_WARN__DUPLICATE_METHOD_MATCH = YES;
				"CODE_SIGN_IDENTITY[sdk=iphoneos*]" = "iPhone Developer";
				COPY_PHASE_STRIP = NO;
				DEBUG_INFORMATION_FORMAT = dwarf;
				ENABLE_STRICT_OBJC_MSGSEND = YES;
				ENABLE_TESTABILITY = YES;
				GCC_C_LANGUAGE_STANDARD = gnu99;
				GCC_DYNAMIC_NO_PIC = NO;
				GCC_NO_COMMON_BLOCKS = YES;
				GCC_OPTIMIZATION_LEVEL = 0;
				GCC_PREPROCESSOR_DEFINITIONS = (
					"DEBUG=1",
					"$(inherited)",
				);
				GCC_WARN_64_TO_32_BIT_CONVERSION = YES;
				GCC_WARN_ABOUT_RETURN_TYPE = YES_ERROR;
				GCC_WARN_UNDECLARED_SELECTOR = YES;
				GCC_WARN_UNINITIALIZED_AUTOS = YES_AGGRESSIVE;
				GCC_WARN_UNUSED_FUNCTION = YES;
				GCC_WARN_UNUSED_VARIABLE = YES;
				IPHONEOS_DEPLOYMENT_TARGET = 9.2;
				MTL_ENABLE_DEBUG_INFO = YES;
				ONLY_ACTIVE_ARCH = YES;
				SDKROOT = iphoneos;
				SWIFT_OPTIMIZATION_LEVEL = "-Onone";
			};
			name = Debug;
		};
		442ED9501C46EA3000501266 /* Release */ = {
			isa = XCBuildConfiguration;
			buildSettings = {
				ALWAYS_SEARCH_USER_PATHS = NO;
				CLANG_CXX_LANGUAGE_STANDARD = "gnu++0x";
				CLANG_CXX_LIBRARY = "libc++";
				CLANG_ENABLE_MODULES = YES;
				CLANG_ENABLE_OBJC_ARC = YES;
				CLANG_WARN_BOOL_CONVERSION = YES;
				CLANG_WARN_CONSTANT_CONVERSION = YES;
				CLANG_WARN_DIRECT_OBJC_ISA_USAGE = YES_ERROR;
				CLANG_WARN_EMPTY_BODY = YES;
				CLANG_WARN_ENUM_CONVERSION = YES;
				CLANG_WARN_INT_CONVERSION = YES;
				CLANG_WARN_OBJC_ROOT_CLASS = YES_ERROR;
				CLANG_WARN_UNREACHABLE_CODE = YES;
				CLANG_WARN__DUPLICATE_METHOD_MATCH = YES;
				"CODE_SIGN_IDENTITY[sdk=iphoneos*]" = "iPhone Developer";
				COPY_PHASE_STRIP = NO;
				DEBUG_INFORMATION_FORMAT = "dwarf-with-dsym";
				ENABLE_NS_ASSERTIONS = NO;
				ENABLE_STRICT_OBJC_MSGSEND = YES;
				GCC_C_LANGUAGE_STANDARD = gnu99;
				GCC_NO_COMMON_BLOCKS = YES;
				GCC_WARN_64_TO_32_BIT_CONVERSION = YES;
				GCC_WARN_ABOUT_RETURN_TYPE = YES_ERROR;
				GCC_WARN_UNDECLARED_SELECTOR = YES;
				GCC_WARN_UNINITIALIZED_AUTOS = YES_AGGRESSIVE;
				GCC_WARN_UNUSED_FUNCTION = YES;
				GCC_WARN_UNUSED_VARIABLE = YES;
				IPHONEOS_DEPLOYMENT_TARGET = 9.2;
				MTL_ENABLE_DEBUG_INFO = NO;
				SDKROOT = iphoneos;
				VALIDATE_PRODUCT = YES;
			};
			name = Release;
		};
		442ED9521C46EA3000501266 /* Debug */ = {
			isa = XCBuildConfiguration;
			buildSettings = {
				ASSETCATALOG_COMPILER_APPICON_NAME = AppIcon;
				CODE_SIGN_IDENTITY = "iPhone Developer";
				"CODE_SIGN_IDENTITY[sdk=iphoneos*]" = "iPhone Developer";
				INFOPLIST_FILE = "Meal Reminder/Info.plist";
				LD_RUNPATH_SEARCH_PATHS = "$(inherited) @executable_path/Frameworks";
				PRODUCT_BUNDLE_IDENTIFIER = com.pajalo88.mealReminder;
				PRODUCT_NAME = "$(TARGET_NAME)";
				PROVISIONING_PROFILE = "";
			};
			name = Debug;
		};
		442ED9531C46EA3000501266 /* Release */ = {
			isa = XCBuildConfiguration;
			buildSettings = {
				ASSETCATALOG_COMPILER_APPICON_NAME = AppIcon;
				CODE_SIGN_IDENTITY = "iPhone Developer";
				"CODE_SIGN_IDENTITY[sdk=iphoneos*]" = "iPhone Developer";
				INFOPLIST_FILE = "Meal Reminder/Info.plist";
				LD_RUNPATH_SEARCH_PATHS = "$(inherited) @executable_path/Frameworks";
				PRODUCT_BUNDLE_IDENTIFIER = com.pajalo88.mealReminder;
				PRODUCT_NAME = "$(TARGET_NAME)";
				PROVISIONING_PROFILE = "";
			};
			name = Release;
		};
		442ED9551C46EA3000501266 /* Debug */ = {
			isa = XCBuildConfiguration;
			buildSettings = {
				BUNDLE_LOADER = "$(TEST_HOST)";
				INFOPLIST_FILE = "Meal ReminderTests/Info.plist";
				LD_RUNPATH_SEARCH_PATHS = "$(inherited) @executable_path/Frameworks @loader_path/Frameworks";
				PRODUCT_BUNDLE_IDENTIFIER = "Paul-Loots.Meal-ReminderTests";
				PRODUCT_NAME = "$(TARGET_NAME)";
				TEST_HOST = "$(BUILT_PRODUCTS_DIR)/Meal Reminder.app/Meal Reminder";
			};
			name = Debug;
		};
		442ED9561C46EA3000501266 /* Release */ = {
			isa = XCBuildConfiguration;
			buildSettings = {
				BUNDLE_LOADER = "$(TEST_HOST)";
				INFOPLIST_FILE = "Meal ReminderTests/Info.plist";
				LD_RUNPATH_SEARCH_PATHS = "$(inherited) @executable_path/Frameworks @loader_path/Frameworks";
				PRODUCT_BUNDLE_IDENTIFIER = "Paul-Loots.Meal-ReminderTests";
				PRODUCT_NAME = "$(TARGET_NAME)";
				TEST_HOST = "$(BUILT_PRODUCTS_DIR)/Meal Reminder.app/Meal Reminder";
			};
			name = Release;
		};
		442ED9581C46EA3000501266 /* Debug */ = {
			isa = XCBuildConfiguration;
			buildSettings = {
				INFOPLIST_FILE = "Meal ReminderUITests/Info.plist";
				LD_RUNPATH_SEARCH_PATHS = "$(inherited) @executable_path/Frameworks @loader_path/Frameworks";
				PRODUCT_BUNDLE_IDENTIFIER = "Paul-Loots.Meal-ReminderUITests";
				PRODUCT_NAME = "$(TARGET_NAME)";
				TEST_TARGET_NAME = "Meal Reminder";
				USES_XCTRUNNER = YES;
			};
			name = Debug;
		};
		442ED9591C46EA3000501266 /* Release */ = {
			isa = XCBuildConfiguration;
			buildSettings = {
				INFOPLIST_FILE = "Meal ReminderUITests/Info.plist";
				LD_RUNPATH_SEARCH_PATHS = "$(inherited) @executable_path/Frameworks @loader_path/Frameworks";
				PRODUCT_BUNDLE_IDENTIFIER = "Paul-Loots.Meal-ReminderUITests";
				PRODUCT_NAME = "$(TARGET_NAME)";
				TEST_TARGET_NAME = "Meal Reminder";
				USES_XCTRUNNER = YES;
			};
			name = Release;
		};
/* End XCBuildConfiguration section */

/* Begin XCConfigurationList section */
		442ED9241C46EA3000501266 /* Build configuration list for PBXProject "Meal Reminder" */ = {
			isa = XCConfigurationList;
			buildConfigurations = (
				442ED94F1C46EA3000501266 /* Debug */,
				442ED9501C46EA3000501266 /* Release */,
			);
			defaultConfigurationIsVisible = 0;
			defaultConfigurationName = Release;
		};
		442ED9511C46EA3000501266 /* Build configuration list for PBXNativeTarget "Meal Reminder" */ = {
			isa = XCConfigurationList;
			buildConfigurations = (
				442ED9521C46EA3000501266 /* Debug */,
				442ED9531C46EA3000501266 /* Release */,
			);
			defaultConfigurationIsVisible = 0;
			defaultConfigurationName = Release;
		};
		442ED9541C46EA3000501266 /* Build configuration list for PBXNativeTarget "Meal ReminderTests" */ = {
			isa = XCConfigurationList;
			buildConfigurations = (
				442ED9551C46EA3000501266 /* Debug */,
				442ED9561C46EA3000501266 /* Release */,
			);
			defaultConfigurationIsVisible = 0;
			defaultConfigurationName = Release;
		};
		442ED9571C46EA3000501266 /* Build configuration list for PBXNativeTarget "Meal ReminderUITests" */ = {
			isa = XCConfigurationList;
			buildConfigurations = (
				442ED9581C46EA3000501266 /* Debug */,
				442ED9591C46EA3000501266 /* Release */,
			);
			defaultConfigurationIsVisible = 0;
			defaultConfigurationName = Release;
		};
/* End XCConfigurationList section */
	};
	rootObject = 442ED9211C46EA3000501266 /* Project object */;
}
